// !$*UTF8*$!
{
	archiveVersion = 1;
	classes = {
	};
	objectVersion = 56;
	objects = {

/* Begin PBXBuildFile section */
		4309C6F32A51D4CA00C0ED5A /* ShoppingCell.swift in Sources */ = {isa = PBXBuildFile; fileRef = 4309C6F12A51D4CA00C0ED5A /* ShoppingCell.swift */; };
		4309C6F42A51D4CA00C0ED5A /* ShoppingCell.xib in Resources */ = {isa = PBXBuildFile; fileRef = 4309C6F22A51D4CA00C0ED5A /* ShoppingCell.xib */; };
		431B608D2A5473D60012A574 /* ShoppingHeader.swift in Sources */ = {isa = PBXBuildFile; fileRef = 431B608C2A5473D60012A574 /* ShoppingHeader.swift */; };
		431B60972A5478710012A574 /* ShoppingHeader.xib in Resources */ = {isa = PBXBuildFile; fileRef = 431B60962A5478710012A574 /* ShoppingHeader.xib */; };
		431B60992A549C1A0012A574 /* UserProvision.swift in Sources */ = {isa = PBXBuildFile; fileRef = 431B60982A549C1A0012A574 /* UserProvision.swift */; };
		432A85462A44B8A200225150 /* AppDelegate.swift in Sources */ = {isa = PBXBuildFile; fileRef = 432A85452A44B8A200225150 /* AppDelegate.swift */; };
		432A85482A44B8A200225150 /* SceneDelegate.swift in Sources */ = {isa = PBXBuildFile; fileRef = 432A85472A44B8A200225150 /* SceneDelegate.swift */; };
		432A854D2A44B8A200225150 /* Main.storyboard in Resources */ = {isa = PBXBuildFile; fileRef = 432A854B2A44B8A200225150 /* Main.storyboard */; };
		432A854F2A44B8A400225150 /* Assets.xcassets in Resources */ = {isa = PBXBuildFile; fileRef = 432A854E2A44B8A400225150 /* Assets.xcassets */; };
		432A85522A44B8A400225150 /* LaunchScreen.storyboard in Resources */ = {isa = PBXBuildFile; fileRef = 432A85502A44B8A400225150 /* LaunchScreen.storyboard */; };
		432A85602A44BB8C00225150 /* CoursesViewController.swift in Sources */ = {isa = PBXBuildFile; fileRef = 432A855F2A44BB8C00225150 /* CoursesViewController.swift */; };
		432A85622A44BC0800225150 /* ProvisionsViewController.swift in Sources */ = {isa = PBXBuildFile; fileRef = 432A85612A44BC0800225150 /* ProvisionsViewController.swift */; };
		432A85642A44BEAE00225150 /* Colors.swift in Sources */ = {isa = PBXBuildFile; fileRef = 432A85632A44BEAE00225150 /* Colors.swift */; };
		432A85662A44C57800225150 /* MainTabBarViewController.swift in Sources */ = {isa = PBXBuildFile; fileRef = 432A85652A44C57800225150 /* MainTabBarViewController.swift */; };
		432A856A2A44D43800225150 /* MainTabBar.swift in Sources */ = {isa = PBXBuildFile; fileRef = 432A85692A44D43800225150 /* MainTabBar.swift */; };
		432A856C2A44DD1800225150 /* AddprovisionViewController.swift in Sources */ = {isa = PBXBuildFile; fileRef = 432A856B2A44DD1800225150 /* AddprovisionViewController.swift */; };
		432A856E2A44E95C00225150 /* Provision.swift in Sources */ = {isa = PBXBuildFile; fileRef = 432A856D2A44E95C00225150 /* Provision.swift */; };
		432A85712A44EAAA00225150 /* ProvisionCell.swift in Sources */ = {isa = PBXBuildFile; fileRef = 432A856F2A44EAA900225150 /* ProvisionCell.swift */; };
		432A85722A44EAAA00225150 /* ProvisionCell.xib in Resources */ = {isa = PBXBuildFile; fileRef = 432A85702A44EAA900225150 /* ProvisionCell.xib */; };
		432A85742A44F68400225150 /* foodsCollection.json in Resources */ = {isa = PBXBuildFile; fileRef = 432A85732A44F68400225150 /* foodsCollection.json */; };
		432A85762A44F68F00225150 /* nofoodsCollection.json in Resources */ = {isa = PBXBuildFile; fileRef = 432A85752A44F68F00225150 /* nofoodsCollection.json */; };
		432A85782A44F8BE00225150 /* Product.swift in Sources */ = {isa = PBXBuildFile; fileRef = 432A85772A44F8BE00225150 /* Product.swift */; };
		432A857A2A44FBB600225150 /* ProductManager.swift in Sources */ = {isa = PBXBuildFile; fileRef = 432A85792A44FBB600225150 /* ProductManager.swift */; };
		434E17BA2A4EC91A0086FC28 /* ProvisionsBSDViewController.swift in Sources */ = {isa = PBXBuildFile; fileRef = 434E17B92A4EC91A0086FC28 /* ProvisionsBSDViewController.swift */; };
		43584B7C2A4C6D3D00EEFA8A /* ProductGenericMethods.swift in Sources */ = {isa = PBXBuildFile; fileRef = 43584B7B2A4C6D3D00EEFA8A /* ProductGenericMethods.swift */; };
		43584B7E2A4C789800EEFA8A /* ProvisionDisplayProvider.swift in Sources */ = {isa = PBXBuildFile; fileRef = 43584B7D2A4C789800EEFA8A /* ProvisionDisplayProvider.swift */; };
		43584B802A4C7FD100EEFA8A /* ProvisionGenericMethods.swift in Sources */ = {isa = PBXBuildFile; fileRef = 43584B7F2A4C7FD100EEFA8A /* ProvisionGenericMethods.swift */; };
		43584B842A4C86D700EEFA8A /* FoundationExtensions.swift in Sources */ = {isa = PBXBuildFile; fileRef = 43584B832A4C86D700EEFA8A /* FoundationExtensions.swift */; };
		43584B862A4C98AD00EEFA8A /* AppSettings.swift in Sources */ = {isa = PBXBuildFile; fileRef = 43584B852A4C98AD00EEFA8A /* AppSettings.swift */; };
		435A3B242A54001C007CB122 /* ProvisionHeader.swift in Sources */ = {isa = PBXBuildFile; fileRef = 435A3B232A54001C007CB122 /* ProvisionHeader.swift */; };
		435C02E62A4D6CF3000AB320 /* UIKitExtensions.swift in Sources */ = {isa = PBXBuildFile; fileRef = 435C02E52A4D6CF3000AB320 /* UIKitExtensions.swift */; };
		435C02E92A4D7A78000AB320 /* SearchProvisionsCell.swift in Sources */ = {isa = PBXBuildFile; fileRef = 435C02E72A4D7A77000AB320 /* SearchProvisionsCell.swift */; };
		435C02EA2A4D7A78000AB320 /* SearchProvisionsCell.xib in Resources */ = {isa = PBXBuildFile; fileRef = 435C02E82A4D7A78000AB320 /* SearchProvisionsCell.xib */; };
		435F8B372A49BC7A00E54573 /* Dimensions.swift in Sources */ = {isa = PBXBuildFile; fileRef = 435F8B362A49BC7A00E54573 /* Dimensions.swift */; };
		436EFF8F2A554C2C00B9C09A /* CustomProduct.swift in Sources */ = {isa = PBXBuildFile; fileRef = 436EFF8E2A554C2C00B9C09A /* CustomProduct.swift */; };
		439D6D6E2A53FCF000861CC7 /* ProvisionHeader.xib in Resources */ = {isa = PBXBuildFile; fileRef = 439D6D6C2A53FCF000861CC7 /* ProvisionHeader.xib */; };
		43AA34592A4F435100EC03BC /* Units.swift in Sources */ = {isa = PBXBuildFile; fileRef = 43AA34582A4F435100EC03BC /* Units.swift */; };
		43CB192C2A4D8B420035620D /* Localizable.strings in Resources */ = {isa = PBXBuildFile; fileRef = 43CB192B2A4D8B420035620D /* Localizable.strings */; };
		43CB192E2A4D8E840035620D /* Categories.swift in Sources */ = {isa = PBXBuildFile; fileRef = 43CB192D2A4D8E840035620D /* Categories.swift */; };
		43CB19302A4DE0BE0035620D /* UserProvisionsManager.swift in Sources */ = {isa = PBXBuildFile; fileRef = 43CB192F2A4DE0BE0035620D /* UserProvisionsManager.swift */; };
		43EF08882A4FFD6D00499940 /* DlcAlertController.swift in Sources */ = {isa = PBXBuildFile; fileRef = 43EF08872A4FFD6D00499940 /* DlcAlertController.swift */; };
		43EF088C2A502B6E00499940 /* UnitsAlertController.swift in Sources */ = {isa = PBXBuildFile; fileRef = 43EF088B2A502B6E00499940 /* UnitsAlertController.swift */; };
		43F1CD3C2A5084B200A6E6B6 /* SquikitLite.xcdatamodeld in Sources */ = {isa = PBXBuildFile; fileRef = 43F1CD3A2A5084B200A6E6B6 /* SquikitLite.xcdatamodeld */; };
		43F1CD3E2A5084F600A6E6B6 /* CoreDataStack.swift in Sources */ = {isa = PBXBuildFile; fileRef = 43F1CD3D2A5084F600A6E6B6 /* CoreDataStack.swift */; };
		43F1CD402A508E5E00A6E6B6 /* ProductDisplayProvider.swift in Sources */ = {isa = PBXBuildFile; fileRef = 43F1CD3F2A508E5E00A6E6B6 /* ProductDisplayProvider.swift */; };
/* End PBXBuildFile section */

/* Begin PBXFileReference section */
		4309C6F12A51D4CA00C0ED5A /* ShoppingCell.swift */ = {isa = PBXFileReference; lastKnownFileType = sourcecode.swift; path = ShoppingCell.swift; sourceTree = "<group>"; };
		4309C6F22A51D4CA00C0ED5A /* ShoppingCell.xib */ = {isa = PBXFileReference; lastKnownFileType = file.xib; path = ShoppingCell.xib; sourceTree = "<group>"; };
		431B608C2A5473D60012A574 /* ShoppingHeader.swift */ = {isa = PBXFileReference; lastKnownFileType = sourcecode.swift; path = ShoppingHeader.swift; sourceTree = "<group>"; };
		431B60962A5478710012A574 /* ShoppingHeader.xib */ = {isa = PBXFileReference; lastKnownFileType = file.xib; path = ShoppingHeader.xib; sourceTree = "<group>"; };
		431B60982A549C1A0012A574 /* UserProvision.swift */ = {isa = PBXFileReference; lastKnownFileType = sourcecode.swift; path = UserProvision.swift; sourceTree = "<group>"; };
		432A85422A44B8A200225150 /* SquikitLite.app */ = {isa = PBXFileReference; explicitFileType = wrapper.application; includeInIndex = 0; path = SquikitLite.app; sourceTree = BUILT_PRODUCTS_DIR; };
		432A85452A44B8A200225150 /* AppDelegate.swift */ = {isa = PBXFileReference; lastKnownFileType = sourcecode.swift; path = AppDelegate.swift; sourceTree = "<group>"; };
		432A85472A44B8A200225150 /* SceneDelegate.swift */ = {isa = PBXFileReference; lastKnownFileType = sourcecode.swift; path = SceneDelegate.swift; sourceTree = "<group>"; };
		432A854C2A44B8A200225150 /* Base */ = {isa = PBXFileReference; lastKnownFileType = file.storyboard; name = Base; path = Base.lproj/Main.storyboard; sourceTree = "<group>"; };
		432A854E2A44B8A400225150 /* Assets.xcassets */ = {isa = PBXFileReference; lastKnownFileType = folder.assetcatalog; path = Assets.xcassets; sourceTree = "<group>"; };
		432A85512A44B8A400225150 /* Base */ = {isa = PBXFileReference; lastKnownFileType = file.storyboard; name = Base; path = Base.lproj/LaunchScreen.storyboard; sourceTree = "<group>"; };
		432A85532A44B8A400225150 /* Info.plist */ = {isa = PBXFileReference; lastKnownFileType = text.plist.xml; path = Info.plist; sourceTree = "<group>"; };
		432A855F2A44BB8C00225150 /* CoursesViewController.swift */ = {isa = PBXFileReference; lastKnownFileType = sourcecode.swift; path = CoursesViewController.swift; sourceTree = "<group>"; };
		432A85612A44BC0800225150 /* ProvisionsViewController.swift */ = {isa = PBXFileReference; lastKnownFileType = sourcecode.swift; path = ProvisionsViewController.swift; sourceTree = "<group>"; };
		432A85632A44BEAE00225150 /* Colors.swift */ = {isa = PBXFileReference; lastKnownFileType = sourcecode.swift; path = Colors.swift; sourceTree = "<group>"; };
		432A85652A44C57800225150 /* MainTabBarViewController.swift */ = {isa = PBXFileReference; lastKnownFileType = sourcecode.swift; path = MainTabBarViewController.swift; sourceTree = "<group>"; };
		432A85692A44D43800225150 /* MainTabBar.swift */ = {isa = PBXFileReference; lastKnownFileType = sourcecode.swift; path = MainTabBar.swift; sourceTree = "<group>"; };
		432A856B2A44DD1800225150 /* AddprovisionViewController.swift */ = {isa = PBXFileReference; lastKnownFileType = sourcecode.swift; path = AddprovisionViewController.swift; sourceTree = "<group>"; };
		432A856D2A44E95C00225150 /* Provision.swift */ = {isa = PBXFileReference; lastKnownFileType = sourcecode.swift; path = Provision.swift; sourceTree = "<group>"; };
		432A856F2A44EAA900225150 /* ProvisionCell.swift */ = {isa = PBXFileReference; lastKnownFileType = sourcecode.swift; path = ProvisionCell.swift; sourceTree = "<group>"; };
		432A85702A44EAA900225150 /* ProvisionCell.xib */ = {isa = PBXFileReference; lastKnownFileType = file.xib; path = ProvisionCell.xib; sourceTree = "<group>"; };
		432A85732A44F68400225150 /* foodsCollection.json */ = {isa = PBXFileReference; fileEncoding = 4; lastKnownFileType = text.json; path = foodsCollection.json; sourceTree = "<group>"; };
		432A85752A44F68F00225150 /* nofoodsCollection.json */ = {isa = PBXFileReference; fileEncoding = 4; lastKnownFileType = text.json; path = nofoodsCollection.json; sourceTree = "<group>"; };
		432A85772A44F8BE00225150 /* Product.swift */ = {isa = PBXFileReference; lastKnownFileType = sourcecode.swift; path = Product.swift; sourceTree = "<group>"; };
		432A85792A44FBB600225150 /* ProductManager.swift */ = {isa = PBXFileReference; lastKnownFileType = sourcecode.swift; path = ProductManager.swift; sourceTree = "<group>"; };
		434E17B92A4EC91A0086FC28 /* ProvisionsBSDViewController.swift */ = {isa = PBXFileReference; lastKnownFileType = sourcecode.swift; path = ProvisionsBSDViewController.swift; sourceTree = "<group>"; };
		43584B7B2A4C6D3D00EEFA8A /* ProductGenericMethods.swift */ = {isa = PBXFileReference; lastKnownFileType = sourcecode.swift; path = ProductGenericMethods.swift; sourceTree = "<group>"; };
		43584B7D2A4C789800EEFA8A /* ProvisionDisplayProvider.swift */ = {isa = PBXFileReference; lastKnownFileType = sourcecode.swift; path = ProvisionDisplayProvider.swift; sourceTree = "<group>"; };
		43584B7F2A4C7FD100EEFA8A /* ProvisionGenericMethods.swift */ = {isa = PBXFileReference; lastKnownFileType = sourcecode.swift; path = ProvisionGenericMethods.swift; sourceTree = "<group>"; };
		43584B832A4C86D700EEFA8A /* FoundationExtensions.swift */ = {isa = PBXFileReference; lastKnownFileType = sourcecode.swift; path = FoundationExtensions.swift; sourceTree = "<group>"; };
		43584B852A4C98AD00EEFA8A /* AppSettings.swift */ = {isa = PBXFileReference; lastKnownFileType = sourcecode.swift; path = AppSettings.swift; sourceTree = "<group>"; };
		435A3B232A54001C007CB122 /* ProvisionHeader.swift */ = {isa = PBXFileReference; fileEncoding = 4; lastKnownFileType = sourcecode.swift; path = ProvisionHeader.swift; sourceTree = "<group>"; };
		435C02E52A4D6CF3000AB320 /* UIKitExtensions.swift */ = {isa = PBXFileReference; lastKnownFileType = sourcecode.swift; path = UIKitExtensions.swift; sourceTree = "<group>"; };
		435C02E72A4D7A77000AB320 /* SearchProvisionsCell.swift */ = {isa = PBXFileReference; lastKnownFileType = sourcecode.swift; path = SearchProvisionsCell.swift; sourceTree = "<group>"; };
		435C02E82A4D7A78000AB320 /* SearchProvisionsCell.xib */ = {isa = PBXFileReference; lastKnownFileType = file.xib; path = SearchProvisionsCell.xib; sourceTree = "<group>"; };
		435F8B362A49BC7A00E54573 /* Dimensions.swift */ = {isa = PBXFileReference; lastKnownFileType = sourcecode.swift; path = Dimensions.swift; sourceTree = "<group>"; };
		436EFF8E2A554C2C00B9C09A /* CustomProduct.swift */ = {isa = PBXFileReference; lastKnownFileType = sourcecode.swift; path = CustomProduct.swift; sourceTree = "<group>"; };
		439D6D6C2A53FCF000861CC7 /* ProvisionHeader.xib */ = {isa = PBXFileReference; lastKnownFileType = file.xib; path = ProvisionHeader.xib; sourceTree = "<group>"; };
		43AA34582A4F435100EC03BC /* Units.swift */ = {isa = PBXFileReference; lastKnownFileType = sourcecode.swift; path = Units.swift; sourceTree = "<group>"; };
		43CB192B2A4D8B420035620D /* Localizable.strings */ = {isa = PBXFileReference; lastKnownFileType = text.plist.strings; path = Localizable.strings; sourceTree = "<group>"; };
		43CB192D2A4D8E840035620D /* Categories.swift */ = {isa = PBXFileReference; lastKnownFileType = sourcecode.swift; path = Categories.swift; sourceTree = "<group>"; };
		43CB192F2A4DE0BE0035620D /* UserProvisionsManager.swift */ = {isa = PBXFileReference; lastKnownFileType = sourcecode.swift; path = UserProvisionsManager.swift; sourceTree = "<group>"; };
		43D1B0722A4D8A11006138BC /* fr */ = {isa = PBXFileReference; lastKnownFileType = text.plist.strings; name = fr; path = fr.lproj/LaunchScreen.strings; sourceTree = "<group>"; };
		43D1B0732A4D8A11006138BC /* fr */ = {isa = PBXFileReference; lastKnownFileType = text.plist.strings; name = fr; path = fr.lproj/Main.strings; sourceTree = "<group>"; };
		43EF08872A4FFD6D00499940 /* DlcAlertController.swift */ = {isa = PBXFileReference; lastKnownFileType = sourcecode.swift; path = DlcAlertController.swift; sourceTree = "<group>"; };
		43EF088B2A502B6E00499940 /* UnitsAlertController.swift */ = {isa = PBXFileReference; lastKnownFileType = sourcecode.swift; path = UnitsAlertController.swift; sourceTree = "<group>"; };
		43F1CD3B2A5084B200A6E6B6 /* SquikitLite.xcdatamodel */ = {isa = PBXFileReference; lastKnownFileType = wrapper.xcdatamodel; path = SquikitLite.xcdatamodel; sourceTree = "<group>"; };
		43F1CD3D2A5084F600A6E6B6 /* CoreDataStack.swift */ = {isa = PBXFileReference; lastKnownFileType = sourcecode.swift; path = CoreDataStack.swift; sourceTree = "<group>"; };
		43F1CD3F2A508E5E00A6E6B6 /* ProductDisplayProvider.swift */ = {isa = PBXFileReference; fileEncoding = 4; lastKnownFileType = sourcecode.swift; path = ProductDisplayProvider.swift; sourceTree = "<group>"; };
/* End PBXFileReference section */

/* Begin PBXFrameworksBuildPhase section */
		432A853F2A44B8A200225150 /* Frameworks */ = {
			isa = PBXFrameworksBuildPhase;
			buildActionMask = 2147483647;
			files = (
			);
			runOnlyForDeploymentPostprocessing = 0;
		};
/* End PBXFrameworksBuildPhase section */

/* Begin PBXGroup section */
		432A85392A44B8A200225150 = {
			isa = PBXGroup;
			children = (
				432A85442A44B8A200225150 /* SquikitLite */,
				432A85432A44B8A200225150 /* Products */,
			);
			sourceTree = "<group>";
		};
		432A85432A44B8A200225150 /* Products */ = {
			isa = PBXGroup;
			children = (
				432A85422A44B8A200225150 /* SquikitLite.app */,
			);
			name = Products;
			sourceTree = "<group>";
		};
		432A85442A44B8A200225150 /* SquikitLite */ = {
			isa = PBXGroup;
			children = (
				432A85592A44B8B500225150 /* SupportingFiles */,
				432A855A2A44B8C900225150 /* Model */,
				432A855B2A44B8D000225150 /* Controller */,
				432A855C2A44B8DD00225150 /* View */,
			);
			path = SquikitLite;
			sourceTree = "<group>";
		};
		432A85592A44B8B500225150 /* SupportingFiles */ = {
			isa = PBXGroup;
			children = (
				432A85632A44BEAE00225150 /* Colors.swift */,
				435F8B362A49BC7A00E54573 /* Dimensions.swift */,
				432A85452A44B8A200225150 /* AppDelegate.swift */,
				432A85472A44B8A200225150 /* SceneDelegate.swift */,
				432A85532A44B8A400225150 /* Info.plist */,
			);
			path = SupportingFiles;
			sourceTree = "<group>";
		};
		432A855A2A44B8C900225150 /* Model */ = {
			isa = PBXGroup;
			children = (
				435F8B352A49BC6300E54573 /* Resources */,
				43F1CD392A50841B00A6E6B6 /* CoreData */,
				432A85772A44F8BE00225150 /* Product.swift */,
				432A856D2A44E95C00225150 /* Provision.swift */,
				43CB192D2A4D8E840035620D /* Categories.swift */,
				43AA34582A4F435100EC03BC /* Units.swift */,
				435F8B322A49BC3200E54573 /* Database */,
				43584B822A4C801200EEFA8A /* DisplayProviders */,
				43584B812A4C7FF800EEFA8A /* GenericMethods */,
			);
			path = Model;
			sourceTree = "<group>";
		};
		432A855B2A44B8D000225150 /* Controller */ = {
			isa = PBXGroup;
			children = (
				432A85652A44C57800225150 /* MainTabBarViewController.swift */,
				432A85612A44BC0800225150 /* ProvisionsViewController.swift */,
				432A856B2A44DD1800225150 /* AddprovisionViewController.swift */,
				434E17B92A4EC91A0086FC28 /* ProvisionsBSDViewController.swift */,
				43EF08872A4FFD6D00499940 /* DlcAlertController.swift */,
				43EF088B2A502B6E00499940 /* UnitsAlertController.swift */,
				432A855F2A44BB8C00225150 /* CoursesViewController.swift */,
			);
			path = Controller;
			sourceTree = "<group>";
		};
		432A855C2A44B8DD00225150 /* View */ = {
			isa = PBXGroup;
			children = (
				432A854E2A44B8A400225150 /* Assets.xcassets */,
				432A85502A44B8A400225150 /* LaunchScreen.storyboard */,
				432A854B2A44B8A200225150 /* Main.storyboard */,
				435F8B2D2A499C5B00E54573 /* CustomClass */,
				435F8B2C2A499ACD00E54573 /* XIB */,
			);
			path = View;
			sourceTree = "<group>";
		};
		43584B812A4C7FF800EEFA8A /* GenericMethods */ = {
			isa = PBXGroup;
			children = (
				43584B7F2A4C7FD100EEFA8A /* ProvisionGenericMethods.swift */,
				43584B7B2A4C6D3D00EEFA8A /* ProductGenericMethods.swift */,
			);
			path = GenericMethods;
			sourceTree = "<group>";
		};
		43584B822A4C801200EEFA8A /* DisplayProviders */ = {
			isa = PBXGroup;
			children = (
				43F1CD3F2A508E5E00A6E6B6 /* ProductDisplayProvider.swift */,
				43584B7D2A4C789800EEFA8A /* ProvisionDisplayProvider.swift */,
			);
			path = DisplayProviders;
			sourceTree = "<group>";
		};
		435F8B2C2A499ACD00E54573 /* XIB */ = {
			isa = PBXGroup;
			children = (
				432A856F2A44EAA900225150 /* ProvisionCell.swift */,
				432A85702A44EAA900225150 /* ProvisionCell.xib */,
				435A3B232A54001C007CB122 /* ProvisionHeader.swift */,
				439D6D6C2A53FCF000861CC7 /* ProvisionHeader.xib */,
				435C02E72A4D7A77000AB320 /* SearchProvisionsCell.swift */,
				435C02E82A4D7A78000AB320 /* SearchProvisionsCell.xib */,
				4309C6F12A51D4CA00C0ED5A /* ShoppingCell.swift */,
				4309C6F22A51D4CA00C0ED5A /* ShoppingCell.xib */,
				431B608C2A5473D60012A574 /* ShoppingHeader.swift */,
				431B60962A5478710012A574 /* ShoppingHeader.xib */,
			);
			path = XIB;
			sourceTree = "<group>";
		};
		435F8B2D2A499C5B00E54573 /* CustomClass */ = {
			isa = PBXGroup;
			children = (
				432A85692A44D43800225150 /* MainTabBar.swift */,
				435C02E52A4D6CF3000AB320 /* UIKitExtensions.swift */,
			);
			path = CustomClass;
			sourceTree = "<group>";
		};
		435F8B322A49BC3200E54573 /* Database */ = {
			isa = PBXGroup;
			children = (
				432A85732A44F68400225150 /* foodsCollection.json */,
				432A85752A44F68F00225150 /* nofoodsCollection.json */,
				432A85792A44FBB600225150 /* ProductManager.swift */,
			);
			path = Database;
			sourceTree = "<group>";
		};
		435F8B352A49BC6300E54573 /* Resources */ = {
			isa = PBXGroup;
			children = (
				43CB192B2A4D8B420035620D /* Localizable.strings */,
				43584B852A4C98AD00EEFA8A /* AppSettings.swift */,
				43584B832A4C86D700EEFA8A /* FoundationExtensions.swift */,
			);
			path = Resources;
			sourceTree = "<group>";
		};
		43F1CD392A50841B00A6E6B6 /* CoreData */ = {
			isa = PBXGroup;
			children = (
				43F1CD3A2A5084B200A6E6B6 /* SquikitLite.xcdatamodeld */,
				43F1CD3D2A5084F600A6E6B6 /* CoreDataStack.swift */,
				431B60982A549C1A0012A574 /* UserProvision.swift */,
				436EFF8E2A554C2C00B9C09A /* CustomProduct.swift */,
				43CB192F2A4DE0BE0035620D /* UserProvisionsManager.swift */,
			);
			path = CoreData;
			sourceTree = "<group>";
		};
/* End PBXGroup section */

/* Begin PBXNativeTarget section */
		432A85412A44B8A200225150 /* SquikitLite */ = {
			isa = PBXNativeTarget;
			buildConfigurationList = 432A85562A44B8A400225150 /* Build configuration list for PBXNativeTarget "SquikitLite" */;
			buildPhases = (
				432A853E2A44B8A200225150 /* Sources */,
				432A853F2A44B8A200225150 /* Frameworks */,
				432A85402A44B8A200225150 /* Resources */,
			);
			buildRules = (
			);
			dependencies = (
			);
			name = SquikitLite;
			productName = SquikitLite;
			productReference = 432A85422A44B8A200225150 /* SquikitLite.app */;
			productType = "com.apple.product-type.application";
		};
/* End PBXNativeTarget section */

/* Begin PBXProject section */
		432A853A2A44B8A200225150 /* Project object */ = {
			isa = PBXProject;
			attributes = {
				BuildIndependentTargetsInParallel = 1;
				LastSwiftUpdateCheck = 1430;
				LastUpgradeCheck = 1430;
				TargetAttributes = {
					432A85412A44B8A200225150 = {
						CreatedOnToolsVersion = 14.3.1;
					};
				};
			};
			buildConfigurationList = 432A853D2A44B8A200225150 /* Build configuration list for PBXProject "SquikitLite" */;
			compatibilityVersion = "Xcode 14.0";
			developmentRegion = fr;
			hasScannedForEncodings = 0;
			knownRegions = (
				Base,
				fr,
			);
			mainGroup = 432A85392A44B8A200225150;
			productRefGroup = 432A85432A44B8A200225150 /* Products */;
			projectDirPath = "";
			projectRoot = "";
			targets = (
				432A85412A44B8A200225150 /* SquikitLite */,
			);
		};
/* End PBXProject section */

/* Begin PBXResourcesBuildPhase section */
		432A85402A44B8A200225150 /* Resources */ = {
			isa = PBXResourcesBuildPhase;
			buildActionMask = 2147483647;
			files = (
				432A85522A44B8A400225150 /* LaunchScreen.storyboard in Resources */,
				432A854F2A44B8A400225150 /* Assets.xcassets in Resources */,
				431B60972A5478710012A574 /* ShoppingHeader.xib in Resources */,
				432A854D2A44B8A200225150 /* Main.storyboard in Resources */,
				432A85722A44EAAA00225150 /* ProvisionCell.xib in Resources */,
				435C02EA2A4D7A78000AB320 /* SearchProvisionsCell.xib in Resources */,
				43CB192C2A4D8B420035620D /* Localizable.strings in Resources */,
				432A85762A44F68F00225150 /* nofoodsCollection.json in Resources */,
				4309C6F42A51D4CA00C0ED5A /* ShoppingCell.xib in Resources */,
				439D6D6E2A53FCF000861CC7 /* ProvisionHeader.xib in Resources */,
				432A85742A44F68400225150 /* foodsCollection.json in Resources */,
			);
			runOnlyForDeploymentPostprocessing = 0;
		};
/* End PBXResourcesBuildPhase section */

/* Begin PBXSourcesBuildPhase section */
		432A853E2A44B8A200225150 /* Sources */ = {
			isa = PBXSourcesBuildPhase;
			buildActionMask = 2147483647;
			files = (
				435A3B242A54001C007CB122 /* ProvisionHeader.swift in Sources */,
				432A856C2A44DD1800225150 /* AddprovisionViewController.swift in Sources */,
				43EF08882A4FFD6D00499940 /* DlcAlertController.swift in Sources */,
				431B60992A549C1A0012A574 /* UserProvision.swift in Sources */,
				43AA34592A4F435100EC03BC /* Units.swift in Sources */,
				431B608D2A5473D60012A574 /* ShoppingHeader.swift in Sources */,
				432A857A2A44FBB600225150 /* ProductManager.swift in Sources */,
				43F1CD3C2A5084B200A6E6B6 /* SquikitLite.xcdatamodeld in Sources */,
				432A85622A44BC0800225150 /* ProvisionsViewController.swift in Sources */,
				434E17BA2A4EC91A0086FC28 /* ProvisionsBSDViewController.swift in Sources */,
				43F1CD3E2A5084F600A6E6B6 /* CoreDataStack.swift in Sources */,
				43584B7E2A4C789800EEFA8A /* ProvisionDisplayProvider.swift in Sources */,
				43CB19302A4DE0BE0035620D /* UserProvisionsManager.swift in Sources */,
				432A85642A44BEAE00225150 /* Colors.swift in Sources */,
				432A856A2A44D43800225150 /* MainTabBar.swift in Sources */,
				43584B802A4C7FD100EEFA8A /* ProvisionGenericMethods.swift in Sources */,
				435C02E92A4D7A78000AB320 /* SearchProvisionsCell.swift in Sources */,
				43CB192E2A4D8E840035620D /* Categories.swift in Sources */,
				43F1CD402A508E5E00A6E6B6 /* ProductDisplayProvider.swift in Sources */,
				432A85602A44BB8C00225150 /* CoursesViewController.swift in Sources */,
				436EFF8F2A554C2C00B9C09A /* CustomProduct.swift in Sources */,
				432A85782A44F8BE00225150 /* Product.swift in Sources */,
				435C02E62A4D6CF3000AB320 /* UIKitExtensions.swift in Sources */,
				4309C6F32A51D4CA00C0ED5A /* ShoppingCell.swift in Sources */,
				432A85662A44C57800225150 /* MainTabBarViewController.swift in Sources */,
				432A85462A44B8A200225150 /* AppDelegate.swift in Sources */,
				43584B7C2A4C6D3D00EEFA8A /* ProductGenericMethods.swift in Sources */,
				435F8B372A49BC7A00E54573 /* Dimensions.swift in Sources */,
				432A85712A44EAAA00225150 /* ProvisionCell.swift in Sources */,
				43584B862A4C98AD00EEFA8A /* AppSettings.swift in Sources */,
				432A856E2A44E95C00225150 /* Provision.swift in Sources */,
				432A85482A44B8A200225150 /* SceneDelegate.swift in Sources */,
				43EF088C2A502B6E00499940 /* UnitsAlertController.swift in Sources */,
				43584B842A4C86D700EEFA8A /* FoundationExtensions.swift in Sources */,
			);
			runOnlyForDeploymentPostprocessing = 0;
		};
/* End PBXSourcesBuildPhase section */

/* Begin PBXVariantGroup section */
		432A854B2A44B8A200225150 /* Main.storyboard */ = {
			isa = PBXVariantGroup;
			children = (
				432A854C2A44B8A200225150 /* Base */,
				43D1B0732A4D8A11006138BC /* fr */,
			);
			name = Main.storyboard;
			sourceTree = "<group>";
		};
		432A85502A44B8A400225150 /* LaunchScreen.storyboard */ = {
			isa = PBXVariantGroup;
			children = (
				432A85512A44B8A400225150 /* Base */,
				43D1B0722A4D8A11006138BC /* fr */,
			);
			name = LaunchScreen.storyboard;
			sourceTree = "<group>";
		};
/* End PBXVariantGroup section */

/* Begin XCBuildConfiguration section */
		432A85542A44B8A400225150 /* Debug */ = {
			isa = XCBuildConfiguration;
			buildSettings = {
				ALWAYS_SEARCH_USER_PATHS = NO;
				CLANG_ANALYZER_LOCALIZABILITY_NONLOCALIZED = YES;
				CLANG_ANALYZER_NONNULL = YES;
				CLANG_ANALYZER_NUMBER_OBJECT_CONVERSION = YES_AGGRESSIVE;
				CLANG_CXX_LANGUAGE_STANDARD = "gnu++20";
				CLANG_ENABLE_MODULES = YES;
				CLANG_ENABLE_OBJC_ARC = YES;
				CLANG_ENABLE_OBJC_WEAK = YES;
				CLANG_WARN_BLOCK_CAPTURE_AUTORELEASING = YES;
				CLANG_WARN_BOOL_CONVERSION = YES;
				CLANG_WARN_COMMA = YES;
				CLANG_WARN_CONSTANT_CONVERSION = YES;
				CLANG_WARN_DEPRECATED_OBJC_IMPLEMENTATIONS = YES;
				CLANG_WARN_DIRECT_OBJC_ISA_USAGE = YES_ERROR;
				CLANG_WARN_DOCUMENTATION_COMMENTS = YES;
				CLANG_WARN_EMPTY_BODY = YES;
				CLANG_WARN_ENUM_CONVERSION = YES;
				CLANG_WARN_INFINITE_RECURSION = YES;
				CLANG_WARN_INT_CONVERSION = YES;
				CLANG_WARN_NON_LITERAL_NULL_CONVERSION = YES;
				CLANG_WARN_OBJC_IMPLICIT_RETAIN_SELF = YES;
				CLANG_WARN_OBJC_LITERAL_CONVERSION = YES;
				CLANG_WARN_OBJC_ROOT_CLASS = YES_ERROR;
				CLANG_WARN_QUOTED_INCLUDE_IN_FRAMEWORK_HEADER = YES;
				CLANG_WARN_RANGE_LOOP_ANALYSIS = YES;
				CLANG_WARN_STRICT_PROTOTYPES = YES;
				CLANG_WARN_SUSPICIOUS_MOVE = YES;
				CLANG_WARN_UNGUARDED_AVAILABILITY = YES_AGGRESSIVE;
				CLANG_WARN_UNREACHABLE_CODE = YES;
				CLANG_WARN__DUPLICATE_METHOD_MATCH = YES;
				COPY_PHASE_STRIP = NO;
				DEBUG_INFORMATION_FORMAT = dwarf;
				ENABLE_STRICT_OBJC_MSGSEND = YES;
				ENABLE_TESTABILITY = YES;
				GCC_C_LANGUAGE_STANDARD = gnu11;
				GCC_DYNAMIC_NO_PIC = NO;
				GCC_NO_COMMON_BLOCKS = YES;
				GCC_OPTIMIZATION_LEVEL = 0;
				GCC_PREPROCESSOR_DEFINITIONS = (
					"DEBUG=1",
					"$(inherited)",
				);
				GCC_WARN_64_TO_32_BIT_CONVERSION = YES;
				GCC_WARN_ABOUT_RETURN_TYPE = YES_ERROR;
				GCC_WARN_UNDECLARED_SELECTOR = YES;
				GCC_WARN_UNINITIALIZED_AUTOS = YES_AGGRESSIVE;
				GCC_WARN_UNUSED_FUNCTION = YES;
				GCC_WARN_UNUSED_VARIABLE = YES;
				IPHONEOS_DEPLOYMENT_TARGET = 16.4;
				MTL_ENABLE_DEBUG_INFO = INCLUDE_SOURCE;
				MTL_FAST_MATH = YES;
				ONLY_ACTIVE_ARCH = YES;
				SDKROOT = iphoneos;
				SWIFT_ACTIVE_COMPILATION_CONDITIONS = DEBUG;
				SWIFT_OPTIMIZATION_LEVEL = "-Onone";
			};
			name = Debug;
		};
		432A85552A44B8A400225150 /* Release */ = {
			isa = XCBuildConfiguration;
			buildSettings = {
				ALWAYS_SEARCH_USER_PATHS = NO;
				CLANG_ANALYZER_LOCALIZABILITY_NONLOCALIZED = YES;
				CLANG_ANALYZER_NONNULL = YES;
				CLANG_ANALYZER_NUMBER_OBJECT_CONVERSION = YES_AGGRESSIVE;
				CLANG_CXX_LANGUAGE_STANDARD = "gnu++20";
				CLANG_ENABLE_MODULES = YES;
				CLANG_ENABLE_OBJC_ARC = YES;
				CLANG_ENABLE_OBJC_WEAK = YES;
				CLANG_WARN_BLOCK_CAPTURE_AUTORELEASING = YES;
				CLANG_WARN_BOOL_CONVERSION = YES;
				CLANG_WARN_COMMA = YES;
				CLANG_WARN_CONSTANT_CONVERSION = YES;
				CLANG_WARN_DEPRECATED_OBJC_IMPLEMENTATIONS = YES;
				CLANG_WARN_DIRECT_OBJC_ISA_USAGE = YES_ERROR;
				CLANG_WARN_DOCUMENTATION_COMMENTS = YES;
				CLANG_WARN_EMPTY_BODY = YES;
				CLANG_WARN_ENUM_CONVERSION = YES;
				CLANG_WARN_INFINITE_RECURSION = YES;
				CLANG_WARN_INT_CONVERSION = YES;
				CLANG_WARN_NON_LITERAL_NULL_CONVERSION = YES;
				CLANG_WARN_OBJC_IMPLICIT_RETAIN_SELF = YES;
				CLANG_WARN_OBJC_LITERAL_CONVERSION = YES;
				CLANG_WARN_OBJC_ROOT_CLASS = YES_ERROR;
				CLANG_WARN_QUOTED_INCLUDE_IN_FRAMEWORK_HEADER = YES;
				CLANG_WARN_RANGE_LOOP_ANALYSIS = YES;
				CLANG_WARN_STRICT_PROTOTYPES = YES;
				CLANG_WARN_SUSPICIOUS_MOVE = YES;
				CLANG_WARN_UNGUARDED_AVAILABILITY = YES_AGGRESSIVE;
				CLANG_WARN_UNREACHABLE_CODE = YES;
				CLANG_WARN__DUPLICATE_METHOD_MATCH = YES;
				COPY_PHASE_STRIP = NO;
				DEBUG_INFORMATION_FORMAT = "dwarf-with-dsym";
				ENABLE_NS_ASSERTIONS = NO;
				ENABLE_STRICT_OBJC_MSGSEND = YES;
				GCC_C_LANGUAGE_STANDARD = gnu11;
				GCC_NO_COMMON_BLOCKS = YES;
				GCC_WARN_64_TO_32_BIT_CONVERSION = YES;
				GCC_WARN_ABOUT_RETURN_TYPE = YES_ERROR;
				GCC_WARN_UNDECLARED_SELECTOR = YES;
				GCC_WARN_UNINITIALIZED_AUTOS = YES_AGGRESSIVE;
				GCC_WARN_UNUSED_FUNCTION = YES;
				GCC_WARN_UNUSED_VARIABLE = YES;
				IPHONEOS_DEPLOYMENT_TARGET = 16.4;
				MTL_ENABLE_DEBUG_INFO = NO;
				MTL_FAST_MATH = YES;
				SDKROOT = iphoneos;
				SWIFT_COMPILATION_MODE = wholemodule;
				SWIFT_OPTIMIZATION_LEVEL = "-O";
				VALIDATE_PRODUCT = YES;
			};
			name = Release;
		};
		432A85572A44B8A400225150 /* Debug */ = {
			isa = XCBuildConfiguration;
			buildSettings = {
				ASSETCATALOG_COMPILER_APPICON_NAME = AppIcon;
				ASSETCATALOG_COMPILER_GLOBAL_ACCENT_COLOR_NAME = AccentColor;
				CODE_SIGN_STYLE = Automatic;
				CURRENT_PROJECT_VERSION = 1;
				DEVELOPMENT_TEAM = 5F49D5L775;
				GENERATE_INFOPLIST_FILE = YES;
				INFOPLIST_FILE = SquikitLite/SupportingFiles/Info.plist;
				INFOPLIST_KEY_UIApplicationSupportsIndirectInputEvents = YES;
				INFOPLIST_KEY_UILaunchStoryboardName = LaunchScreen;
				INFOPLIST_KEY_UIMainStoryboardFile = Main;
				INFOPLIST_KEY_UISupportedInterfaceOrientations_iPad = "UIInterfaceOrientationPortrait UIInterfaceOrientationPortraitUpsideDown UIInterfaceOrientationLandscapeLeft UIInterfaceOrientationLandscapeRight";
				INFOPLIST_KEY_UISupportedInterfaceOrientations_iPhone = "UIInterfaceOrientationPortrait UIInterfaceOrientationLandscapeLeft UIInterfaceOrientationLandscapeRight";
				LD_RUNPATH_SEARCH_PATHS = (
					"$(inherited)",
					"@executable_path/Frameworks",
				);
				MARKETING_VERSION = 1.0;
				PRODUCT_BUNDLE_IDENTIFIER = com.benjaminlefrancois.SquikitLite;
				PRODUCT_NAME = "$(TARGET_NAME)";
				SWIFT_EMIT_LOC_STRINGS = YES;
				SWIFT_VERSION = 5.0;
				TARGETED_DEVICE_FAMILY = "1,2";
			};
			name = Debug;
		};
		432A85582A44B8A400225150 /* Release */ = {
			isa = XCBuildConfiguration;
			buildSettings = {
				ASSETCATALOG_COMPILER_APPICON_NAME = AppIcon;
				ASSETCATALOG_COMPILER_GLOBAL_ACCENT_COLOR_NAME = AccentColor;
				CODE_SIGN_STYLE = Automatic;
				CURRENT_PROJECT_VERSION = 1;
				DEVELOPMENT_TEAM = 5F49D5L775;
				GENERATE_INFOPLIST_FILE = YES;
				INFOPLIST_FILE = SquikitLite/SupportingFiles/Info.plist;
				INFOPLIST_KEY_UIApplicationSupportsIndirectInputEvents = YES;
				INFOPLIST_KEY_UILaunchStoryboardName = LaunchScreen;
				INFOPLIST_KEY_UIMainStoryboardFile = Main;
				INFOPLIST_KEY_UISupportedInterfaceOrientations_iPad = "UIInterfaceOrientationPortrait UIInterfaceOrientationPortraitUpsideDown UIInterfaceOrientationLandscapeLeft UIInterfaceOrientationLandscapeRight";
				INFOPLIST_KEY_UISupportedInterfaceOrientations_iPhone = "UIInterfaceOrientationPortrait UIInterfaceOrientationLandscapeLeft UIInterfaceOrientationLandscapeRight";
				LD_RUNPATH_SEARCH_PATHS = (
					"$(inherited)",
					"@executable_path/Frameworks",
				);
				MARKETING_VERSION = 1.0;
				PRODUCT_BUNDLE_IDENTIFIER = com.benjaminlefrancois.SquikitLite;
				PRODUCT_NAME = "$(TARGET_NAME)";
				SWIFT_EMIT_LOC_STRINGS = YES;
				SWIFT_VERSION = 5.0;
				TARGETED_DEVICE_FAMILY = "1,2";
			};
			name = Release;
		};
/* End XCBuildConfiguration section */

/* Begin XCConfigurationList section */
		432A853D2A44B8A200225150 /* Build configuration list for PBXProject "SquikitLite" */ = {
			isa = XCConfigurationList;
			buildConfigurations = (
				432A85542A44B8A400225150 /* Debug */,
				432A85552A44B8A400225150 /* Release */,
			);
			defaultConfigurationIsVisible = 0;
			defaultConfigurationName = Release;
		};
		432A85562A44B8A400225150 /* Build configuration list for PBXNativeTarget "SquikitLite" */ = {
			isa = XCConfigurationList;
			buildConfigurations = (
				432A85572A44B8A400225150 /* Debug */,
				432A85582A44B8A400225150 /* Release */,
			);
			defaultConfigurationIsVisible = 0;
			defaultConfigurationName = Release;
		};
/* End XCConfigurationList section */

/* Begin XCVersionGroup section */
		43F1CD3A2A5084B200A6E6B6 /* SquikitLite.xcdatamodeld */ = {
			isa = XCVersionGroup;
			children = (
				43F1CD3B2A5084B200A6E6B6 /* SquikitLite.xcdatamodel */,
			);
			currentVersion = 43F1CD3B2A5084B200A6E6B6 /* SquikitLite.xcdatamodel */;
			path = SquikitLite.xcdatamodeld;
			sourceTree = "<group>";
			versionGroupType = wrapper.xcdatamodel;
		};
/* End XCVersionGroup section */
	};
	rootObject = 432A853A2A44B8A200225150 /* Project object */;
}
